// !$*UTF8*$!
{
	archiveVersion = 1;
	classes = {
	};
	objectVersion = 46;
	objects = {

/* Begin PBXBuildFile section */
		6610A59E19FECE1B0079AFF3 /* LoginViewController.swift in Sources */ = {isa = PBXBuildFile; fileRef = 6610A59D19FECE1B0079AFF3 /* LoginViewController.swift */; };
		6610A5A219FED1EA0079AFF3 /* TabBarController.swift in Sources */ = {isa = PBXBuildFile; fileRef = 6610A5A119FED1EA0079AFF3 /* TabBarController.swift */; };
		6631EACF19F6F8280075E032 /* AppDelegate.swift in Sources */ = {isa = PBXBuildFile; fileRef = 6631EACE19F6F8280075E032 /* AppDelegate.swift */; };
		6631EAD619F6F8280075E032 /* Main.storyboard in Resources */ = {isa = PBXBuildFile; fileRef = 6631EAD419F6F8280075E032 /* Main.storyboard */; };
		6631EAD819F6F8280075E032 /* Images.xcassets in Resources */ = {isa = PBXBuildFile; fileRef = 6631EAD719F6F8280075E032 /* Images.xcassets */; };
		6631EAE719F6F8280075E032 /* P105_HomeTests.swift in Sources */ = {isa = PBXBuildFile; fileRef = 6631EAE619F6F8280075E032 /* P105_HomeTests.swift */; };
		6631EAF119F720770075E032 /* HomeTableViewController.swift in Sources */ = {isa = PBXBuildFile; fileRef = 6631EAF019F720770075E032 /* HomeTableViewController.swift */; };
		6631EAFE19F724270075E032 /* Alamofire.framework in Copy Frameworks */ = {isa = PBXBuildFile; fileRef = 6631EAF819F7238A0075E032 /* Alamofire.framework */; settings = {ATTRIBUTES = (CodeSignOnCopy, RemoveHeadersOnCopy, ); }; };
		6660789D19F8385100B837C7 /* Tabs.swift in Sources */ = {isa = PBXBuildFile; fileRef = 6660789C19F8385100B837C7 /* Tabs.swift */; };
		6660789F19F848DC00B837C7 /* WebViewController.swift in Sources */ = {isa = PBXBuildFile; fileRef = 6660789E19F848DC00B837C7 /* WebViewController.swift */; };
		66E43B1319F97B9A00B378FC /* HomeTableHeader.xib in Resources */ = {isa = PBXBuildFile; fileRef = 66E43B1219F97B9A00B378FC /* HomeTableHeader.xib */; };
		66E43B1619FA94F300B378FC /* Login.swift in Sources */ = {isa = PBXBuildFile; fileRef = 66E43B1519FA94F300B378FC /* Login.swift */; };
		66E43B1819FA970500B378FC /* LoginModal.xib in Resources */ = {isa = PBXBuildFile; fileRef = 66E43B1719FA970400B378FC /* LoginModal.xib */; };
		66E43B1A19FA983C00B378FC /* HomeViewController.swift in Sources */ = {isa = PBXBuildFile; fileRef = 66E43B1919FA983C00B378FC /* HomeViewController.swift */; };
		66E43B1F19FAE45000B378FC /* Security.framework in Frameworks */ = {isa = PBXBuildFile; fileRef = 66E43B1E19FAE45000B378FC /* Security.framework */; };
		66E43B2119FAF04100B378FC /* SettingsViewController.swift in Sources */ = {isa = PBXBuildFile; fileRef = 66E43B2019FAF04100B378FC /* SettingsViewController.swift */; };
		E493BFDF1A03132A000735BC /* ShareViewController.swift in Sources */ = {isa = PBXBuildFile; fileRef = E493BFDE1A03132A000735BC /* ShareViewController.swift */; };
		E493BFE11A03132A000735BC /* MainInterface.storyboard in Resources */ = {isa = PBXBuildFile; fileRef = E493BFE01A03132A000735BC /* MainInterface.storyboard */; };
		E493BFE41A03132A000735BC /* BookmarkWithFirefox.appex in Embed App Extensions */ = {isa = PBXBuildFile; fileRef = E493BFDA1A03132A000735BC /* BookmarkWithFirefox.appex */; settings = {ATTRIBUTES = (RemoveHeadersOnCopy, ); }; };
		E493BFEA1A0313FE000735BC /* Login.swift in Sources */ = {isa = PBXBuildFile; fileRef = 66E43B1519FA94F300B378FC /* Login.swift */; };
		E493BFEF1A03DCBE000735BC /* flat-logo.png in Resources */ = {isa = PBXBuildFile; fileRef = E493BFEE1A03DCBE000735BC /* flat-logo.png */; };
		E493BFF11A03DCC6000735BC /* flat-logo@2x.png in Resources */ = {isa = PBXBuildFile; fileRef = E493BFF01A03DCC6000735BC /* flat-logo@2x.png */; };
/* End PBXBuildFile section */

/* Begin PBXContainerItemProxy section */
		6631EAE119F6F8280075E032 /* PBXContainerItemProxy */ = {
			isa = PBXContainerItemProxy;
			containerPortal = 6631EAC119F6F8280075E032 /* Project object */;
			proxyType = 1;
			remoteGlobalIDString = 6631EAC819F6F8280075E032;
			remoteInfo = "P105-Home";
		};
		6631EAF719F7238A0075E032 /* PBXContainerItemProxy */ = {
			isa = PBXContainerItemProxy;
			containerPortal = 6631EAF219F7238A0075E032 /* Alamofire.xcodeproj */;
			proxyType = 2;
			remoteGlobalIDString = F8111E3319A95C8B0040E7D1;
			remoteInfo = Alamofire;
		};
		6631EAF919F7238A0075E032 /* PBXContainerItemProxy */ = {
			isa = PBXContainerItemProxy;
			containerPortal = 6631EAF219F7238A0075E032 /* Alamofire.xcodeproj */;
			proxyType = 2;
			remoteGlobalIDString = F8111E3E19A95C8B0040E7D1;
			remoteInfo = AlamofireTests;
		};
		6631EAFB19F723F40075E032 /* PBXContainerItemProxy */ = {
			isa = PBXContainerItemProxy;
			containerPortal = 6631EAF219F7238A0075E032 /* Alamofire.xcodeproj */;
			proxyType = 1;
			remoteGlobalIDString = F8111E3219A95C8B0040E7D1;
			remoteInfo = Alamofire;
		};
		E493BFE21A03132A000735BC /* PBXContainerItemProxy */ = {
			isa = PBXContainerItemProxy;
			containerPortal = 6631EAC119F6F8280075E032 /* Project object */;
			proxyType = 1;
			remoteGlobalIDString = E493BFD91A03132A000735BC;
			remoteInfo = BookmarkWithFirefox;
		};
/* End PBXContainerItemProxy section */

/* Begin PBXCopyFilesBuildPhase section */
		6631EAFD19F7240C0075E032 /* Copy Frameworks */ = {
			isa = PBXCopyFilesBuildPhase;
			buildActionMask = 2147483647;
			dstPath = "";
			dstSubfolderSpec = 10;
			files = (
				6631EAFE19F724270075E032 /* Alamofire.framework in Copy Frameworks */,
			);
			name = "Copy Frameworks";
			runOnlyForDeploymentPostprocessing = 0;
		};
		E493BFE91A03132A000735BC /* Embed App Extensions */ = {
			isa = PBXCopyFilesBuildPhase;
			buildActionMask = 2147483647;
			dstPath = "";
			dstSubfolderSpec = 13;
			files = (
				E493BFE41A03132A000735BC /* BookmarkWithFirefox.appex in Embed App Extensions */,
			);
			name = "Embed App Extensions";
			runOnlyForDeploymentPostprocessing = 0;
		};
/* End PBXCopyFilesBuildPhase section */

/* Begin PBXFileReference section */
		6610A59D19FECE1B0079AFF3 /* LoginViewController.swift */ = {isa = PBXFileReference; fileEncoding = 4; lastKnownFileType = sourcecode.swift; path = LoginViewController.swift; sourceTree = "<group>"; };
		6610A5A119FED1EA0079AFF3 /* TabBarController.swift */ = {isa = PBXFileReference; fileEncoding = 4; lastKnownFileType = sourcecode.swift; path = TabBarController.swift; sourceTree = "<group>"; };
		6631EAC919F6F8280075E032 /* P105-Home.app */ = {isa = PBXFileReference; explicitFileType = wrapper.application; includeInIndex = 0; path = "P105-Home.app"; sourceTree = BUILT_PRODUCTS_DIR; };
		6631EACD19F6F8280075E032 /* Info.plist */ = {isa = PBXFileReference; lastKnownFileType = text.plist.xml; path = Info.plist; sourceTree = "<group>"; };
		6631EACE19F6F8280075E032 /* AppDelegate.swift */ = {isa = PBXFileReference; lastKnownFileType = sourcecode.swift; path = AppDelegate.swift; sourceTree = "<group>"; };
		6631EAD519F6F8280075E032 /* Base */ = {isa = PBXFileReference; lastKnownFileType = file.storyboard; name = Base; path = Base.lproj/Main.storyboard; sourceTree = "<group>"; };
		6631EAD719F6F8280075E032 /* Images.xcassets */ = {isa = PBXFileReference; lastKnownFileType = folder.assetcatalog; path = Images.xcassets; sourceTree = "<group>"; };
		6631EAE019F6F8280075E032 /* P105-HomeTests.xctest */ = {isa = PBXFileReference; explicitFileType = wrapper.cfbundle; includeInIndex = 0; path = "P105-HomeTests.xctest"; sourceTree = BUILT_PRODUCTS_DIR; };
		6631EAE519F6F8280075E032 /* Info.plist */ = {isa = PBXFileReference; lastKnownFileType = text.plist.xml; path = Info.plist; sourceTree = "<group>"; };
		6631EAE619F6F8280075E032 /* P105_HomeTests.swift */ = {isa = PBXFileReference; lastKnownFileType = sourcecode.swift; path = P105_HomeTests.swift; sourceTree = "<group>"; };
		6631EAF019F720770075E032 /* HomeTableViewController.swift */ = {isa = PBXFileReference; fileEncoding = 4; lastKnownFileType = sourcecode.swift; path = HomeTableViewController.swift; sourceTree = "<group>"; };
		6631EAF219F7238A0075E032 /* Alamofire.xcodeproj */ = {isa = PBXFileReference; lastKnownFileType = "wrapper.pb-project"; name = Alamofire.xcodeproj; path = Alamofire/Alamofire.xcodeproj; sourceTree = "<group>"; };
		6660789C19F8385100B837C7 /* Tabs.swift */ = {isa = PBXFileReference; fileEncoding = 4; lastKnownFileType = sourcecode.swift; path = Tabs.swift; sourceTree = "<group>"; };
		6660789E19F848DC00B837C7 /* WebViewController.swift */ = {isa = PBXFileReference; fileEncoding = 4; lastKnownFileType = sourcecode.swift; path = WebViewController.swift; sourceTree = "<group>"; };
		66E43B1219F97B9A00B378FC /* HomeTableHeader.xib */ = {isa = PBXFileReference; fileEncoding = 4; lastKnownFileType = file.xib; path = HomeTableHeader.xib; sourceTree = "<group>"; };
		66E43B1519FA94F300B378FC /* Login.swift */ = {isa = PBXFileReference; fileEncoding = 4; lastKnownFileType = sourcecode.swift; path = Login.swift; sourceTree = "<group>"; };
		66E43B1719FA970400B378FC /* LoginModal.xib */ = {isa = PBXFileReference; fileEncoding = 4; lastKnownFileType = file.xib; path = LoginModal.xib; sourceTree = "<group>"; };
		66E43B1919FA983C00B378FC /* HomeViewController.swift */ = {isa = PBXFileReference; fileEncoding = 4; lastKnownFileType = sourcecode.swift; path = HomeViewController.swift; sourceTree = "<group>"; };
		66E43B1E19FAE45000B378FC /* Security.framework */ = {isa = PBXFileReference; lastKnownFileType = wrapper.framework; name = Security.framework; path = System/Library/Frameworks/Security.framework; sourceTree = SDKROOT; };
		66E43B2019FAF04100B378FC /* SettingsViewController.swift */ = {isa = PBXFileReference; fileEncoding = 4; lastKnownFileType = sourcecode.swift; path = SettingsViewController.swift; sourceTree = "<group>"; };
		E493BFDA1A03132A000735BC /* BookmarkWithFirefox.appex */ = {isa = PBXFileReference; explicitFileType = "wrapper.app-extension"; includeInIndex = 0; path = BookmarkWithFirefox.appex; sourceTree = BUILT_PRODUCTS_DIR; };
		E493BFDD1A03132A000735BC /* Info.plist */ = {isa = PBXFileReference; lastKnownFileType = text.plist.xml; path = Info.plist; sourceTree = "<group>"; };
		E493BFDE1A03132A000735BC /* ShareViewController.swift */ = {isa = PBXFileReference; lastKnownFileType = sourcecode.swift; path = ShareViewController.swift; sourceTree = "<group>"; };
		E493BFE01A03132A000735BC /* MainInterface.storyboard */ = {isa = PBXFileReference; lastKnownFileType = file.storyboard; path = MainInterface.storyboard; sourceTree = "<group>"; };
		E493BFEB1A03152C000735BC /* P105-Home.entitlements */ = {isa = PBXFileReference; lastKnownFileType = text.xml; path = "P105-Home.entitlements"; sourceTree = "<group>"; };
		E493BFEC1A03157B000735BC /* BookmarkWithFirefox.entitlements */ = {isa = PBXFileReference; lastKnownFileType = text.xml; path = BookmarkWithFirefox.entitlements; sourceTree = "<group>"; };
		E493BFEE1A03DCBE000735BC /* flat-logo.png */ = {isa = PBXFileReference; lastKnownFileType = image.png; path = "flat-logo.png"; sourceTree = "<group>"; };
		E493BFF01A03DCC6000735BC /* flat-logo@2x.png */ = {isa = PBXFileReference; lastKnownFileType = image.png; path = "flat-logo@2x.png"; sourceTree = "<group>"; };
/* End PBXFileReference section */

/* Begin PBXFrameworksBuildPhase section */
		6631EAC619F6F8280075E032 /* Frameworks */ = {
			isa = PBXFrameworksBuildPhase;
			buildActionMask = 2147483647;
			files = (
				66E43B1F19FAE45000B378FC /* Security.framework in Frameworks */,
			);
			runOnlyForDeploymentPostprocessing = 0;
		};
		6631EADD19F6F8280075E032 /* Frameworks */ = {
			isa = PBXFrameworksBuildPhase;
			buildActionMask = 2147483647;
			files = (
			);
			runOnlyForDeploymentPostprocessing = 0;
		};
		E493BFD71A03132A000735BC /* Frameworks */ = {
			isa = PBXFrameworksBuildPhase;
			buildActionMask = 2147483647;
			files = (
			);
			runOnlyForDeploymentPostprocessing = 0;
		};
/* End PBXFrameworksBuildPhase section */

/* Begin PBXGroup section */
		6631EAC019F6F8280075E032 = {
			isa = PBXGroup;
			children = (
				66E43B1E19FAE45000B378FC /* Security.framework */,
				6631EACB19F6F8280075E032 /* P105-Home */,
				6631EAE319F6F8280075E032 /* P105-HomeTests */,
				E493BFDB1A03132A000735BC /* BookmarkWithFirefox */,
				6631EACA19F6F8280075E032 /* Products */,
				6631EAF219F7238A0075E032 /* Alamofire.xcodeproj */,
			);
			sourceTree = "<group>";
		};
		6631EACA19F6F8280075E032 /* Products */ = {
			isa = PBXGroup;
			children = (
				6631EAC919F6F8280075E032 /* P105-Home.app */,
				6631EAE019F6F8280075E032 /* P105-HomeTests.xctest */,
				E493BFDA1A03132A000735BC /* BookmarkWithFirefox.appex */,
			);
			name = Products;
			sourceTree = "<group>";
		};
		6631EACB19F6F8280075E032 /* P105-Home */ = {
			isa = PBXGroup;
			children = (
				E493BFEB1A03152C000735BC /* P105-Home.entitlements */,
				66E43B1B19FA9EC800B378FC /* Views */,
				6660789C19F8385100B837C7 /* Tabs.swift */,
				6610A5A119FED1EA0079AFF3 /* TabBarController.swift */,
				66E43B2019FAF04100B378FC /* SettingsViewController.swift */,
				6631EACE19F6F8280075E032 /* AppDelegate.swift */,
				66E43B1519FA94F300B378FC /* Login.swift */,
				6610A59D19FECE1B0079AFF3 /* LoginViewController.swift */,
				66E43B1919FA983C00B378FC /* HomeViewController.swift */,
				6631EAF019F720770075E032 /* HomeTableViewController.swift */,
				6660789E19F848DC00B837C7 /* WebViewController.swift */,
				6631EAD719F6F8280075E032 /* Images.xcassets */,
				6631EACC19F6F8280075E032 /* Supporting Files */,
			);
			path = "P105-Home";
			sourceTree = "<group>";
		};
		6631EACC19F6F8280075E032 /* Supporting Files */ = {
			isa = PBXGroup;
			children = (
				6631EACD19F6F8280075E032 /* Info.plist */,
			);
			name = "Supporting Files";
			sourceTree = "<group>";
		};
		6631EAE319F6F8280075E032 /* P105-HomeTests */ = {
			isa = PBXGroup;
			children = (
				6631EAE619F6F8280075E032 /* P105_HomeTests.swift */,
				6631EAE419F6F8280075E032 /* Supporting Files */,
			);
			path = "P105-HomeTests";
			sourceTree = "<group>";
		};
		6631EAE419F6F8280075E032 /* Supporting Files */ = {
			isa = PBXGroup;
			children = (
				6631EAE519F6F8280075E032 /* Info.plist */,
			);
			name = "Supporting Files";
			sourceTree = "<group>";
		};
		6631EAF319F7238A0075E032 /* Products */ = {
			isa = PBXGroup;
			children = (
				6631EAF819F7238A0075E032 /* Alamofire.framework */,
				6631EAFA19F7238A0075E032 /* AlamofireTests.xctest */,
			);
			name = Products;
			sourceTree = "<group>";
		};
		66E43B1B19FA9EC800B378FC /* Views */ = {
			isa = PBXGroup;
			children = (
				66E43B1219F97B9A00B378FC /* HomeTableHeader.xib */,
				66E43B1719FA970400B378FC /* LoginModal.xib */,
				6631EAD419F6F8280075E032 /* Main.storyboard */,
			);
			name = Views;
			sourceTree = "<group>";
		};
		E493BFDB1A03132A000735BC /* BookmarkWithFirefox */ = {
			isa = PBXGroup;
			children = (
				E493BFEE1A03DCBE000735BC /* flat-logo.png */,
				E493BFF01A03DCC6000735BC /* flat-logo@2x.png */,
				E493BFEC1A03157B000735BC /* BookmarkWithFirefox.entitlements */,
				E493BFDE1A03132A000735BC /* ShareViewController.swift */,
				E493BFE01A03132A000735BC /* MainInterface.storyboard */,
				E493BFDC1A03132A000735BC /* Supporting Files */,
			);
			path = BookmarkWithFirefox;
			sourceTree = "<group>";
		};
		E493BFDC1A03132A000735BC /* Supporting Files */ = {
			isa = PBXGroup;
			children = (
				E493BFDD1A03132A000735BC /* Info.plist */,
			);
			name = "Supporting Files";
			sourceTree = "<group>";
		};
/* End PBXGroup section */

/* Begin PBXNativeTarget section */
		6631EAC819F6F8280075E032 /* P105-Home */ = {
			isa = PBXNativeTarget;
			buildConfigurationList = 6631EAEA19F6F8280075E032 /* Build configuration list for PBXNativeTarget "P105-Home" */;
			buildPhases = (
				6631EAC519F6F8280075E032 /* Sources */,
				6631EAC619F6F8280075E032 /* Frameworks */,
				6631EAC719F6F8280075E032 /* Resources */,
				6631EAFD19F7240C0075E032 /* Copy Frameworks */,
				E493BFE91A03132A000735BC /* Embed App Extensions */,
			);
			buildRules = (
			);
			dependencies = (
				6631EAFC19F723F40075E032 /* PBXTargetDependency */,
				E493BFE31A03132A000735BC /* PBXTargetDependency */,
			);
			name = "P105-Home";
			productName = "P105-Home";
			productReference = 6631EAC919F6F8280075E032 /* P105-Home.app */;
			productType = "com.apple.product-type.application";
		};
		6631EADF19F6F8280075E032 /* P105-HomeTests */ = {
			isa = PBXNativeTarget;
			buildConfigurationList = 6631EAED19F6F8280075E032 /* Build configuration list for PBXNativeTarget "P105-HomeTests" */;
			buildPhases = (
				6631EADC19F6F8280075E032 /* Sources */,
				6631EADD19F6F8280075E032 /* Frameworks */,
				6631EADE19F6F8280075E032 /* Resources */,
			);
			buildRules = (
			);
			dependencies = (
				6631EAE219F6F8280075E032 /* PBXTargetDependency */,
			);
			name = "P105-HomeTests";
			productName = "P105-HomeTests";
			productReference = 6631EAE019F6F8280075E032 /* P105-HomeTests.xctest */;
			productType = "com.apple.product-type.bundle.unit-test";
		};
		E493BFD91A03132A000735BC /* BookmarkWithFirefox */ = {
			isa = PBXNativeTarget;
			buildConfigurationList = E493BFE81A03132A000735BC /* Build configuration list for PBXNativeTarget "BookmarkWithFirefox" */;
			buildPhases = (
				E493BFD61A03132A000735BC /* Sources */,
				E493BFD71A03132A000735BC /* Frameworks */,
				E493BFD81A03132A000735BC /* Resources */,
			);
			buildRules = (
			);
			dependencies = (
			);
			name = BookmarkWithFirefox;
			productName = BookmarkWithFirefox;
			productReference = E493BFDA1A03132A000735BC /* BookmarkWithFirefox.appex */;
			productType = "com.apple.product-type.app-extension";
		};
/* End PBXNativeTarget section */

/* Begin PBXProject section */
		6631EAC119F6F8280075E032 /* Project object */ = {
			isa = PBXProject;
			attributes = {
				LastUpgradeCheck = 0610;
				ORGANIZATIONNAME = "Darrin Henein";
				TargetAttributes = {
					6631EAC819F6F8280075E032 = {
						CreatedOnToolsVersion = 6.1;
						DevelopmentTeam = 43AQ936H96;
						SystemCapabilities = {
							com.apple.ApplicationGroups.iOS = {
								enabled = 1;
							};
							com.apple.BackgroundModes = {
								enabled = 1;
							};
							com.apple.Keychain = {
								enabled = 1;
							};
						};
					};
					6631EADF19F6F8280075E032 = {
						CreatedOnToolsVersion = 6.1;
						TestTargetID = 6631EAC819F6F8280075E032;
					};
					E493BFD91A03132A000735BC = {
						CreatedOnToolsVersion = 6.1;
						DevelopmentTeam = 43AQ936H96;
						SystemCapabilities = {
							com.apple.ApplicationGroups.iOS = {
								enabled = 1;
							};
							com.apple.Keychain = {
								enabled = 1;
							};
						};
					};
				};
			};
			buildConfigurationList = 6631EAC419F6F8280075E032 /* Build configuration list for PBXProject "P105-Home" */;
			compatibilityVersion = "Xcode 3.2";
			developmentRegion = English;
			hasScannedForEncodings = 0;
			knownRegions = (
				en,
				Base,
			);
			mainGroup = 6631EAC019F6F8280075E032;
			productRefGroup = 6631EACA19F6F8280075E032 /* Products */;
			projectDirPath = "";
			projectReferences = (
				{
					ProductGroup = 6631EAF319F7238A0075E032 /* Products */;
					ProjectRef = 6631EAF219F7238A0075E032 /* Alamofire.xcodeproj */;
				},
			);
			projectRoot = "";
			targets = (
				6631EAC819F6F8280075E032 /* P105-Home */,
				6631EADF19F6F8280075E032 /* P105-HomeTests */,
				E493BFD91A03132A000735BC /* BookmarkWithFirefox */,
			);
		};
/* End PBXProject section */

/* Begin PBXReferenceProxy section */
		6631EAF819F7238A0075E032 /* Alamofire.framework */ = {
			isa = PBXReferenceProxy;
			fileType = wrapper.framework;
			path = Alamofire.framework;
			remoteRef = 6631EAF719F7238A0075E032 /* PBXContainerItemProxy */;
			sourceTree = BUILT_PRODUCTS_DIR;
		};
		6631EAFA19F7238A0075E032 /* AlamofireTests.xctest */ = {
			isa = PBXReferenceProxy;
			fileType = wrapper.cfbundle;
			path = AlamofireTests.xctest;
			remoteRef = 6631EAF919F7238A0075E032 /* PBXContainerItemProxy */;
			sourceTree = BUILT_PRODUCTS_DIR;
		};
/* End PBXReferenceProxy section */

/* Begin PBXResourcesBuildPhase section */
		6631EAC719F6F8280075E032 /* Resources */ = {
			isa = PBXResourcesBuildPhase;
			buildActionMask = 2147483647;
			files = (
				6631EAD619F6F8280075E032 /* Main.storyboard in Resources */,
				66E43B1819FA970500B378FC /* LoginModal.xib in Resources */,
				66E43B1319F97B9A00B378FC /* HomeTableHeader.xib in Resources */,
				6631EAD819F6F8280075E032 /* Images.xcassets in Resources */,
			);
			runOnlyForDeploymentPostprocessing = 0;
		};
		6631EADE19F6F8280075E032 /* Resources */ = {
			isa = PBXResourcesBuildPhase;
			buildActionMask = 2147483647;
			files = (
			);
			runOnlyForDeploymentPostprocessing = 0;
		};
		E493BFD81A03132A000735BC /* Resources */ = {
			isa = PBXResourcesBuildPhase;
			buildActionMask = 2147483647;
			files = (
				E493BFE11A03132A000735BC /* MainInterface.storyboard in Resources */,
				E493BFEF1A03DCBE000735BC /* flat-logo.png in Resources */,
				E493BFF11A03DCC6000735BC /* flat-logo@2x.png in Resources */,
			);
			runOnlyForDeploymentPostprocessing = 0;
		};
/* End PBXResourcesBuildPhase section */

/* Begin PBXSourcesBuildPhase section */
		6631EAC519F6F8280075E032 /* Sources */ = {
			isa = PBXSourcesBuildPhase;
			buildActionMask = 2147483647;
			files = (
				66E43B1619FA94F300B378FC /* Login.swift in Sources */,
				6631EAF119F720770075E032 /* HomeTableViewController.swift in Sources */,
				6610A5A219FED1EA0079AFF3 /* TabBarController.swift in Sources */,
				6660789F19F848DC00B837C7 /* WebViewController.swift in Sources */,
				66E43B1A19FA983C00B378FC /* HomeViewController.swift in Sources */,
				6631EACF19F6F8280075E032 /* AppDelegate.swift in Sources */,
				6660789D19F8385100B837C7 /* Tabs.swift in Sources */,
				6610A59E19FECE1B0079AFF3 /* LoginViewController.swift in Sources */,
				66E43B2119FAF04100B378FC /* SettingsViewController.swift in Sources */,
			);
			runOnlyForDeploymentPostprocessing = 0;
		};
		6631EADC19F6F8280075E032 /* Sources */ = {
			isa = PBXSourcesBuildPhase;
			buildActionMask = 2147483647;
			files = (
				6631EAE719F6F8280075E032 /* P105_HomeTests.swift in Sources */,
			);
			runOnlyForDeploymentPostprocessing = 0;
		};
		E493BFD61A03132A000735BC /* Sources */ = {
			isa = PBXSourcesBuildPhase;
			buildActionMask = 2147483647;
			files = (
				E493BFDF1A03132A000735BC /* ShareViewController.swift in Sources */,
				E493BFEA1A0313FE000735BC /* Login.swift in Sources */,
			);
			runOnlyForDeploymentPostprocessing = 0;
		};
/* End PBXSourcesBuildPhase section */

/* Begin PBXTargetDependency section */
		6631EAE219F6F8280075E032 /* PBXTargetDependency */ = {
			isa = PBXTargetDependency;
			target = 6631EAC819F6F8280075E032 /* P105-Home */;
			targetProxy = 6631EAE119F6F8280075E032 /* PBXContainerItemProxy */;
		};
		6631EAFC19F723F40075E032 /* PBXTargetDependency */ = {
			isa = PBXTargetDependency;
			name = Alamofire;
			targetProxy = 6631EAFB19F723F40075E032 /* PBXContainerItemProxy */;
		};
		E493BFE31A03132A000735BC /* PBXTargetDependency */ = {
			isa = PBXTargetDependency;
			target = E493BFD91A03132A000735BC /* BookmarkWithFirefox */;
			targetProxy = E493BFE21A03132A000735BC /* PBXContainerItemProxy */;
		};
/* End PBXTargetDependency section */

/* Begin PBXVariantGroup section */
		6631EAD419F6F8280075E032 /* Main.storyboard */ = {
			isa = PBXVariantGroup;
			children = (
				6631EAD519F6F8280075E032 /* Base */,
			);
			name = Main.storyboard;
			sourceTree = "<group>";
		};
/* End PBXVariantGroup section */

/* Begin XCBuildConfiguration section */
		6631EAE819F6F8280075E032 /* Debug */ = {
			isa = XCBuildConfiguration;
			buildSettings = {
				ALWAYS_SEARCH_USER_PATHS = NO;
				CLANG_CXX_LANGUAGE_STANDARD = "gnu++0x";
				CLANG_CXX_LIBRARY = "libc++";
				CLANG_ENABLE_MODULES = YES;
				CLANG_ENABLE_OBJC_ARC = YES;
				CLANG_WARN_BOOL_CONVERSION = YES;
				CLANG_WARN_CONSTANT_CONVERSION = YES;
				CLANG_WARN_DIRECT_OBJC_ISA_USAGE = YES_ERROR;
				CLANG_WARN_EMPTY_BODY = YES;
				CLANG_WARN_ENUM_CONVERSION = YES;
				CLANG_WARN_INT_CONVERSION = YES;
				CLANG_WARN_OBJC_ROOT_CLASS = YES_ERROR;
				CLANG_WARN_UNREACHABLE_CODE = YES;
				CLANG_WARN__DUPLICATE_METHOD_MATCH = YES;
				"CODE_SIGN_IDENTITY[sdk=iphoneos*]" = "iPhone Distribution: Mozilla Corporation (43AQ936H96)";
				COPY_PHASE_STRIP = NO;
				ENABLE_STRICT_OBJC_MSGSEND = YES;
				GCC_C_LANGUAGE_STANDARD = gnu99;
				GCC_DYNAMIC_NO_PIC = NO;
				GCC_OPTIMIZATION_LEVEL = 0;
				GCC_PREPROCESSOR_DEFINITIONS = (
					"DEBUG=1",
					"$(inherited)",
				);
				GCC_SYMBOLS_PRIVATE_EXTERN = NO;
				GCC_WARN_64_TO_32_BIT_CONVERSION = YES;
				GCC_WARN_ABOUT_RETURN_TYPE = YES_ERROR;
				GCC_WARN_UNDECLARED_SELECTOR = YES;
				GCC_WARN_UNINITIALIZED_AUTOS = YES_AGGRESSIVE;
				GCC_WARN_UNUSED_FUNCTION = YES;
				GCC_WARN_UNUSED_VARIABLE = YES;
				IPHONEOS_DEPLOYMENT_TARGET = 8.1;
				MTL_ENABLE_DEBUG_INFO = YES;
				ONLY_ACTIVE_ARCH = YES;
				SDKROOT = iphoneos;
				SWIFT_OPTIMIZATION_LEVEL = "-Onone";
			};
			name = Debug;
		};
		6631EAE919F6F8280075E032 /* Release */ = {
			isa = XCBuildConfiguration;
			buildSettings = {
				ALWAYS_SEARCH_USER_PATHS = NO;
				CLANG_CXX_LANGUAGE_STANDARD = "gnu++0x";
				CLANG_CXX_LIBRARY = "libc++";
				CLANG_ENABLE_MODULES = YES;
				CLANG_ENABLE_OBJC_ARC = YES;
				CLANG_WARN_BOOL_CONVERSION = YES;
				CLANG_WARN_CONSTANT_CONVERSION = YES;
				CLANG_WARN_DIRECT_OBJC_ISA_USAGE = YES_ERROR;
				CLANG_WARN_EMPTY_BODY = YES;
				CLANG_WARN_ENUM_CONVERSION = YES;
				CLANG_WARN_INT_CONVERSION = YES;
				CLANG_WARN_OBJC_ROOT_CLASS = YES_ERROR;
				CLANG_WARN_UNREACHABLE_CODE = YES;
				CLANG_WARN__DUPLICATE_METHOD_MATCH = YES;
				"CODE_SIGN_IDENTITY[sdk=iphoneos*]" = "iPhone Distribution: Mozilla Corporation (43AQ936H96)";
				COPY_PHASE_STRIP = YES;
				ENABLE_NS_ASSERTIONS = NO;
				ENABLE_STRICT_OBJC_MSGSEND = YES;
				GCC_C_LANGUAGE_STANDARD = gnu99;
				GCC_WARN_64_TO_32_BIT_CONVERSION = YES;
				GCC_WARN_ABOUT_RETURN_TYPE = YES_ERROR;
				GCC_WARN_UNDECLARED_SELECTOR = YES;
				GCC_WARN_UNINITIALIZED_AUTOS = YES_AGGRESSIVE;
				GCC_WARN_UNUSED_FUNCTION = YES;
				GCC_WARN_UNUSED_VARIABLE = YES;
				IPHONEOS_DEPLOYMENT_TARGET = 8.1;
				MTL_ENABLE_DEBUG_INFO = NO;
				SDKROOT = iphoneos;
				VALIDATE_PRODUCT = YES;
			};
			name = Release;
		};
		6631EAEB19F6F8280075E032 /* Debug */ = {
			isa = XCBuildConfiguration;
			buildSettings = {
				ASSETCATALOG_COMPILER_APPICON_NAME = AppIcon;
				ASSETCATALOG_COMPILER_LAUNCHIMAGE_NAME = LaunchImage;
				CODE_SIGN_ENTITLEMENTS = "P105-Home/P105-Home.entitlements";
				CODE_SIGN_IDENTITY = "iPhone Developer";
				"CODE_SIGN_IDENTITY[sdk=iphoneos*]" = "iPhone Developer";
				EMBEDDED_CONTENT_CONTAINS_SWIFT = YES;
				INFOPLIST_FILE = "P105-Home/Info.plist";
				IPHONEOS_DEPLOYMENT_TARGET = 8.1;
				LD_RUNPATH_SEARCH_PATHS = "$(inherited) @executable_path/Frameworks";
				PRODUCT_NAME = "$(TARGET_NAME)";
				PROVISIONING_PROFILE = "";
			};
			name = Debug;
		};
		6631EAEC19F6F8280075E032 /* Release */ = {
			isa = XCBuildConfiguration;
			buildSettings = {
				ASSETCATALOG_COMPILER_APPICON_NAME = AppIcon;
				ASSETCATALOG_COMPILER_LAUNCHIMAGE_NAME = LaunchImage;
				CODE_SIGN_ENTITLEMENTS = "P105-Home/P105-Home.entitlements";
				CODE_SIGN_IDENTITY = "iPhone Developer";
				"CODE_SIGN_IDENTITY[sdk=iphoneos*]" = "iPhone Developer";
				EMBEDDED_CONTENT_CONTAINS_SWIFT = YES;
				INFOPLIST_FILE = "P105-Home/Info.plist";
				IPHONEOS_DEPLOYMENT_TARGET = 8.1;
				LD_RUNPATH_SEARCH_PATHS = "$(inherited) @executable_path/Frameworks";
				PRODUCT_NAME = "$(TARGET_NAME)";
				PROVISIONING_PROFILE = "";
			};
			name = Release;
		};
		6631EAEE19F6F8280075E032 /* Debug */ = {
			isa = XCBuildConfiguration;
			buildSettings = {
				BUNDLE_LOADER = "$(TEST_HOST)";
				FRAMEWORK_SEARCH_PATHS = (
					"$(SDKROOT)/Developer/Library/Frameworks",
					"$(inherited)",
				);
				GCC_PREPROCESSOR_DEFINITIONS = (
					"DEBUG=1",
					"$(inherited)",
				);
				INFOPLIST_FILE = "P105-HomeTests/Info.plist";
				LD_RUNPATH_SEARCH_PATHS = "$(inherited) @executable_path/Frameworks @loader_path/Frameworks";
				PRODUCT_NAME = "$(TARGET_NAME)";
				TEST_HOST = "$(BUILT_PRODUCTS_DIR)/P105-Home.app/P105-Home";
			};
			name = Debug;
		};
		6631EAEF19F6F8280075E032 /* Release */ = {
			isa = XCBuildConfiguration;
			buildSettings = {
				BUNDLE_LOADER = "$(TEST_HOST)";
				FRAMEWORK_SEARCH_PATHS = (
					"$(SDKROOT)/Developer/Library/Frameworks",
					"$(inherited)",
				);
				INFOPLIST_FILE = "P105-HomeTests/Info.plist";
				LD_RUNPATH_SEARCH_PATHS = "$(inherited) @executable_path/Frameworks @loader_path/Frameworks";
				PRODUCT_NAME = "$(TARGET_NAME)";
				TEST_HOST = "$(BUILT_PRODUCTS_DIR)/P105-Home.app/P105-Home";
			};
			name = Release;
		};
		E493BFE51A03132A000735BC /* Debug */ = {
			isa = XCBuildConfiguration;
			buildSettings = {
				CODE_SIGN_ENTITLEMENTS = BookmarkWithFirefox/BookmarkWithFirefox.entitlements;
				CODE_SIGN_IDENTITY = "iPhone Developer";
				"CODE_SIGN_IDENTITY[sdk=iphoneos*]" = "iPhone Developer";
				GCC_PREPROCESSOR_DEFINITIONS = (
					"DEBUG=1",
					"$(inherited)",
				);
				INFOPLIST_FILE = BookmarkWithFirefox/Info.plist;
				LD_RUNPATH_SEARCH_PATHS = "$(inherited) @executable_path/Frameworks @executable_path/../../Frameworks";
				PRODUCT_NAME = "$(TARGET_NAME)";
				PROVISIONING_PROFILE = "";
				SKIP_INSTALL = YES;
			};
			name = Debug;
		};
		E493BFE61A03132A000735BC /* Release */ = {
			isa = XCBuildConfiguration;
			buildSettings = {
				CODE_SIGN_ENTITLEMENTS = BookmarkWithFirefox/BookmarkWithFirefox.entitlements;
				CODE_SIGN_IDENTITY = "iPhone Developer";
				"CODE_SIGN_IDENTITY[sdk=iphoneos*]" = "iPhone Developer";
				INFOPLIST_FILE = BookmarkWithFirefox/Info.plist;
				LD_RUNPATH_SEARCH_PATHS = "$(inherited) @executable_path/Frameworks @executable_path/../../Frameworks";
				PRODUCT_NAME = "$(TARGET_NAME)";
				PROVISIONING_PROFILE = "";
				SKIP_INSTALL = YES;
			};
			name = Release;
		};
/* End XCBuildConfiguration section */

/* Begin XCConfigurationList section */
		6631EAC419F6F8280075E032 /* Build configuration list for PBXProject "P105-Home" */ = {
			isa = XCConfigurationList;
			buildConfigurations = (
				6631EAE819F6F8280075E032 /* Debug */,
				6631EAE919F6F8280075E032 /* Release */,
			);
			defaultConfigurationIsVisible = 0;
			defaultConfigurationName = Release;
		};
		6631EAEA19F6F8280075E032 /* Build configuration list for PBXNativeTarget "P105-Home" */ = {
			isa = XCConfigurationList;
			buildConfigurations = (
				6631EAEB19F6F8280075E032 /* Debug */,
				6631EAEC19F6F8280075E032 /* Release */,
			);
			defaultConfigurationIsVisible = 0;
			defaultConfigurationName = Release;
		};
		6631EAED19F6F8280075E032 /* Build configuration list for PBXNativeTarget "P105-HomeTests" */ = {
			isa = XCConfigurationList;
			buildConfigurations = (
				6631EAEE19F6F8280075E032 /* Debug */,
				6631EAEF19F6F8280075E032 /* Release */,
			);
			defaultConfigurationIsVisible = 0;
			defaultConfigurationName = Release;
		};
		E493BFE81A03132A000735BC /* Build configuration list for PBXNativeTarget "BookmarkWithFirefox" */ = {
			isa = XCConfigurationList;
			buildConfigurations = (
				E493BFE51A03132A000735BC /* Debug */,
				E493BFE61A03132A000735BC /* Release */,
			);
			defaultConfigurationIsVisible = 0;
		};
/* End XCConfigurationList section */
	};
	rootObject = 6631EAC119F6F8280075E032 /* Project object */;
}
